
Microsoft Visual Studio Solution File, Format Version 12.00
# Visual Studio Version 17
VisualStudioVersion = 17.5.33530.505
MinimumVisualStudioVersion = 10.0.40219.1
Project("{8BC9CEB8-8B4A-11D0-8D11-00A0C91BC942}") = "Compel", "Compel\Compel.vcxproj", "{A6112607-B8FB-4FE1-AF6D-27D08DC9406A}"
EndProject
Project("{8BC9CEB8-8B4A-11D0-8D11-00A0C91BC942}") = "Victim", "Victim\Victim.vcxproj", "{E8FB1E1D-50C4-46FD-9C9B-546A564B28B5}"
EndProject
Project("{8BC9CEB8-8B4A-11D0-8D11-00A0C91BC942}") = "LibDetour", "LibDetour\LibDetour.vcxproj", "{116A392C-6DFC-456F-A80B-F3D471B54185}"
EndProject
Project("{8BC9CEB8-8B4A-11D0-8D11-00A0C91BC942}") = "TimeForge", "TimeForge\TimeForge.vcxproj", "{518C070B-7199-47EC-89BF-4E822961E2FD}"
EndProject
Global
	GlobalSection(SolutionConfigurationPlatforms) = preSolution
		Debug|x64 = Debug|x64
		Debug|x86 = Debug|x86
		Release|x64 = Release|x64
		Release|x86 = Release|x86
	EndGlobalSection
	GlobalSection(ProjectConfigurationPlatforms) = postSolution
		{A6112607-B8FB-4FE1-AF6D-27D08DC9406A}.Debug|x64.ActiveCfg = Debug|x64
		{A6112607-B8FB-4FE1-AF6D-27D08DC9406A}.Debug|x64.Build.0 = Debug|x64
		{A6112607-B8FB-4FE1-AF6D-27D08DC9406A}.Debug|x86.ActiveCfg = Debug|Win32
		{A6112607-B8FB-4FE1-AF6D-27D08DC9406A}.Debug|x86.Build.0 = Debug|Win32
		{A6112607-B8FB-4FE1-AF6D-27D08DC9406A}.Release|x64.ActiveCfg = Release|x64
		{A6112607-B8FB-4FE1-AF6D-27D08DC9406A}.Release|x64.Build.0 = Release|x64
		{A6112607-B8FB-4FE1-AF6D-27D08DC9406A}.Release|x86.ActiveCfg = Release|Win32
		{A6112607-B8FB-4FE1-AF6D-27D08DC9406A}.Release|x86.Build.0 = Release|Win32
		{E8FB1E1D-50C4-46FD-9C9B-546A564B28B5}.Debug|x64.ActiveCfg = Debug|x64
		{E8FB1E1D-50C4-46FD-9C9B-546A564B28B5}.Debug|x64.Build.0 = Debug|x64
		{E8FB1E1D-50C4-46FD-9C9B-546A564B28B5}.Debug|x86.ActiveCfg = Debug|Win32
		{E8FB1E1D-50C4-46FD-9C9B-546A564B28B5}.Debug|x86.Build.0 = Debug|Win32
		{E8FB1E1D-50C4-46FD-9C9B-546A564B28B5}.Release|x64.ActiveCfg = Release|x64
		{E8FB1E1D-50C4-46FD-9C9B-546A564B28B5}.Release|x64.Build.0 = Release|x64
		{E8FB1E1D-50C4-46FD-9C9B-546A564B28B5}.Release|x86.ActiveCfg = Release|Win32
		{E8FB1E1D-50C4-46FD-9C9B-546A564B28B5}.Release|x86.Build.0 = Release|Win32
		{116A392C-6DFC-456F-A80B-F3D471B54185}.Debug|x64.ActiveCfg = Debug|x64
		{116A392C-6DFC-456F-A80B-F3D471B54185}.Debug|x64.Build.0 = Debug|x64
		{116A392C-6DFC-456F-A80B-F3D471B54185}.Debug|x86.ActiveCfg = Debug|Win32
		{116A392C-6DFC-456F-A80B-F3D471B54185}.Debug|x86.Build.0 = Debug|Win32
		{116A392C-6DFC-456F-A80B-F3D471B54185}.Release|x64.ActiveCfg = Release|x64
		{116A392C-6DFC-456F-A80B-F3D471B54185}.Release|x64.Build.0 = Release|x64
		{116A392C-6DFC-456F-A80B-F3D471B54185}.Release|x86.ActiveCfg = Release|Win32
		{116A392C-6DFC-456F-A80B-F3D471B54185}.Release|x86.Build.0 = Release|Win32
		{518C070B-7199-47EC-89BF-4E822961E2FD}.Debug|x64.ActiveCfg = Debug|x64
		{518C070B-7199-47EC-89BF-4E822961E2FD}.Debug|x64.Build.0 = Debug|x64
		{518C070B-7199-47EC-89BF-4E822961E2FD}.Debug|x86.ActiveCfg = Debug|Win32
		{518C070B-7199-47EC-89BF-4E822961E2FD}.Debug|x86.Build.0 = Debug|Win32
		{518C070B-7199-47EC-89BF-4E822961E2FD}.Release|x64.ActiveCfg = Release|x64
		{518C070B-7199-47EC-89BF-4E822961E2FD}.Release|x64.Build.0 = Release|x64
		{518C070B-7199-47EC-89BF-4E822961E2FD}.Release|x86.ActiveCfg = Release|Win32
		{518C070B-7199-47EC-89BF-4E822961E2FD}.Release|x86.Build.0 = Release|Win32
	EndGlobalSection
	GlobalSection(SolutionProperties) = preSolution
		HideSolutionNode = FALSE
	EndGlobalSection
	GlobalSection(ExtensibilityGlobals) = postSolution
		SolutionGuid = {9DF63FF7-8C9B-404B-911C-9A51F889342B}
	EndGlobalSection
EndGlobal
